
Microsoft Visual Studio Solution File, Format Version 12.00
# Visual Studio Version 16
VisualStudioVersion = 16.0.29728.190
MinimumVisualStudioVersion = 10.0.40219.1
Project("{FAE04EC0-301F-11D3-BF4B-00C04F79EFBC}") = "TrashCollector", "TrashCollector\TrashCollector.csproj", "{2D060690-64B6-49D6-BB40-CAFADA0E1A2F}"
EndProject
Global
	GlobalSection(SolutionConfigurationPlatforms) = preSolution
		Debug|Any CPU = Debug|Any CPU
		Release|Any CPU = Release|Any CPU
	EndGlobalSection
	GlobalSection(ProjectConfigurationPlatforms) = postSolution
		{2D060690-64B6-49D6-BB40-CAFADA0E1A2F}.Debug|Any CPU.ActiveCfg = Debug|Any CPU
		{2D060690-64B6-49D6-BB40-CAFADA0E1A2F}.Debug|Any CPU.Build.0 = Debug|Any CPU
		{2D060690-64B6-49D6-BB40-CAFADA0E1A2F}.Release|Any CPU.ActiveCfg = Release|Any CPU
		{2D060690-64B6-49D6-BB40-CAFADA0E1A2F}.Release|Any CPU.Build.0 = Release|Any CPU
	EndGlobalSection
	GlobalSection(SolutionProperties) = preSolution
		HideSolutionNode = FALSE
	EndGlobalSection
	GlobalSection(ExtensibilityGlobals) = postSolution
		SolutionGuid = {E9C8A02C-4A3A-4834-869D-94B1B5FD2932}
	EndGlobalSection
EndGlobal
